// !$*UTF8*$!
{
	archiveVersion = 1;
	classes = {
	};
	objectVersion = 46;
	objects = {

/* Begin PBXBuildFile section */
		190786D118706DE20067A30B /* Flat.fsh in Resources */ = {isa = PBXBuildFile; fileRef = 190786CF18706DE20067A30B /* Flat.fsh */; };
		190786D218706DE20067A30B /* Flat.vsh in Resources */ = {isa = PBXBuildFile; fileRef = 190786D018706DE20067A30B /* Flat.vsh */; };
		190F7F53186FEC8500D13F02 /* ADSPF.fsh in Resources */ = {isa = PBXBuildFile; fileRef = 190F7F51186FEC8500D13F02 /* ADSPF.fsh */; };
		190F7F54186FEC8500D13F02 /* ADSPF.vsh in Resources */ = {isa = PBXBuildFile; fileRef = 190F7F52186FEC8500D13F02 /* ADSPF.vsh */; };
		190F7F57186FF1DA00D13F02 /* Toon.fsh in Resources */ = {isa = PBXBuildFile; fileRef = 190F7F55186FF1DA00D13F02 /* Toon.fsh */; };
		190F7F58186FF1DA00D13F02 /* Toon.vsh in Resources */ = {isa = PBXBuildFile; fileRef = 190F7F56186FF1DA00D13F02 /* Toon.vsh */; };
		190F7F5B186FF39D00D13F02 /* ToonPF.fsh in Resources */ = {isa = PBXBuildFile; fileRef = 190F7F59186FF39D00D13F02 /* ToonPF.fsh */; };
		190F7F5C186FF39D00D13F02 /* ToonPF.vsh in Resources */ = {isa = PBXBuildFile; fileRef = 190F7F5A186FF39D00D13F02 /* ToonPF.vsh */; };
		190F7F67186FFFF400D13F02 /* DoubleSided.fsh in Resources */ = {isa = PBXBuildFile; fileRef = 190F7F65186FFFF400D13F02 /* DoubleSided.fsh */; };
		190F7F68186FFFF400D13F02 /* DoubleSided.vsh in Resources */ = {isa = PBXBuildFile; fileRef = 190F7F66186FFFF400D13F02 /* DoubleSided.vsh */; };
		1937995E18696EF500DAFE17 /* Foundation.framework in Frameworks */ = {isa = PBXBuildFile; fileRef = 1937995D18696EF500DAFE17 /* Foundation.framework */; };
		1937996018696EF500DAFE17 /* CoreGraphics.framework in Frameworks */ = {isa = PBXBuildFile; fileRef = 1937995F18696EF500DAFE17 /* CoreGraphics.framework */; };
		1937996218696EF500DAFE17 /* UIKit.framework in Frameworks */ = {isa = PBXBuildFile; fileRef = 1937996118696EF500DAFE17 /* UIKit.framework */; };
		1937996418696EF500DAFE17 /* GLKit.framework in Frameworks */ = {isa = PBXBuildFile; fileRef = 1937996318696EF500DAFE17 /* GLKit.framework */; };
		1937996618696EF500DAFE17 /* OpenGLES.framework in Frameworks */ = {isa = PBXBuildFile; fileRef = 1937996518696EF500DAFE17 /* OpenGLES.framework */; };
		1937996C18696EF500DAFE17 /* InfoPlist.strings in Resources */ = {isa = PBXBuildFile; fileRef = 1937996A18696EF500DAFE17 /* InfoPlist.strings */; };
		1937996E18696EF500DAFE17 /* main.m in Sources */ = {isa = PBXBuildFile; fileRef = 1937996D18696EF500DAFE17 /* main.m */; };
		1937997218696EF500DAFE17 /* he_AppDelegate.m in Sources */ = {isa = PBXBuildFile; fileRef = 1937997118696EF500DAFE17 /* he_AppDelegate.m */; };
		1937997C18696EF500DAFE17 /* he_ViewController.m in Sources */ = {isa = PBXBuildFile; fileRef = 1937997B18696EF500DAFE17 /* he_ViewController.m */; };
		1937997E18696EF500DAFE17 /* Images.xcassets in Resources */ = {isa = PBXBuildFile; fileRef = 1937997D18696EF500DAFE17 /* Images.xcassets */; };
		1937998518696EF500DAFE17 /* XCTest.framework in Frameworks */ = {isa = PBXBuildFile; fileRef = 1937998418696EF500DAFE17 /* XCTest.framework */; };
		1937998618696EF500DAFE17 /* Foundation.framework in Frameworks */ = {isa = PBXBuildFile; fileRef = 1937995D18696EF500DAFE17 /* Foundation.framework */; };
		1937998718696EF500DAFE17 /* UIKit.framework in Frameworks */ = {isa = PBXBuildFile; fileRef = 1937996118696EF500DAFE17 /* UIKit.framework */; };
		1937998F18696EF500DAFE17 /* InfoPlist.strings in Resources */ = {isa = PBXBuildFile; fileRef = 1937998D18696EF500DAFE17 /* InfoPlist.strings */; };
		1937999118696EF500DAFE17 /* LightsTests.m in Sources */ = {isa = PBXBuildFile; fileRef = 1937999018696EF500DAFE17 /* LightsTests.m */; };
		1937999C186971F400DAFE17 /* he_Main.m in Sources */ = {isa = PBXBuildFile; fileRef = 1937999B186971F400DAFE17 /* he_Main.m */; };
		1937999F1869753100DAFE17 /* he_Shader.m in Sources */ = {isa = PBXBuildFile; fileRef = 1937999E1869753100DAFE17 /* he_Shader.m */; };
		193799A31869785B00DAFE17 /* he_File.m in Sources */ = {isa = PBXBuildFile; fileRef = 193799A21869785B00DAFE17 /* he_File.m */; };
		1955DCA8186C396A009093A0 /* he_Utility.m in Sources */ = {isa = PBXBuildFile; fileRef = 1955DCA7186C396A009093A0 /* he_Utility.m */; };
		1955DCAD186D4036009093A0 /* teapot.obj in Resources */ = {isa = PBXBuildFile; fileRef = 1955DCAB186D4036009093A0 /* teapot.obj */; };
		1955DCAE186D4036009093A0 /* teapot1.obj in Resources */ = {isa = PBXBuildFile; fileRef = 1955DCAC186D4036009093A0 /* teapot1.obj */; };
		19D1E926186EEA7B003F1566 /* DiffusePF.fsh in Resources */ = {isa = PBXBuildFile; fileRef = 19D1E924186EEA7B003F1566 /* DiffusePF.fsh */; };
		19D1E927186EEA7B003F1566 /* DiffusePF.vsh in Resources */ = {isa = PBXBuildFile; fileRef = 19D1E925186EEA7B003F1566 /* DiffusePF.vsh */; };
		19FE2861186ED7E6001637DC /* Diffuse.fsh in Resources */ = {isa = PBXBuildFile; fileRef = 19FE285F186ED7E6001637DC /* Diffuse.fsh */; };
		19FE2862186ED7E6001637DC /* Diffuse.vsh in Resources */ = {isa = PBXBuildFile; fileRef = 19FE2860186ED7E6001637DC /* Diffuse.vsh */; };
		19FE2865186EDD16001637DC /* ADS.fsh in Resources */ = {isa = PBXBuildFile; fileRef = 19FE2863186EDD16001637DC /* ADS.fsh */; };
		19FE2866186EDD16001637DC /* ADS.vsh in Resources */ = {isa = PBXBuildFile; fileRef = 19FE2864186EDD16001637DC /* ADS.vsh */; };
/* End PBXBuildFile section */

/* Begin PBXContainerItemProxy section */
		1937998818696EF500DAFE17 /* PBXContainerItemProxy */ = {
			isa = PBXContainerItemProxy;
			containerPortal = 1937995218696EF500DAFE17 /* Project object */;
			proxyType = 1;
			remoteGlobalIDString = 1937995918696EF500DAFE17;
			remoteInfo = Lights;
		};
/* End PBXContainerItemProxy section */

/* Begin PBXFileReference section */
		190786CF18706DE20067A30B /* Flat.fsh */ = {isa = PBXFileReference; fileEncoding = 4; lastKnownFileType = sourcecode.glsl; name = Flat.fsh; path = Shaders/Flat.fsh; sourceTree = "<group>"; };
		190786D018706DE20067A30B /* Flat.vsh */ = {isa = PBXFileReference; fileEncoding = 4; lastKnownFileType = sourcecode.glsl; name = Flat.vsh; path = Shaders/Flat.vsh; sourceTree = "<group>"; };
		190786D3187072F10067A30B /* he_Availability.h */ = {isa = PBXFileReference; lastKnownFileType = sourcecode.c.h; path = he_Availability.h; sourceTree = "<group>"; };
		190F7F51186FEC8500D13F02 /* ADSPF.fsh */ = {isa = PBXFileReference; fileEncoding = 4; lastKnownFileType = sourcecode.glsl; name = ADSPF.fsh; path = Shaders/ADSPF.fsh; sourceTree = "<group>"; };
		190F7F52186FEC8500D13F02 /* ADSPF.vsh */ = {isa = PBXFileReference; fileEncoding = 4; lastKnownFileType = sourcecode.glsl; name = ADSPF.vsh; path = Shaders/ADSPF.vsh; sourceTree = "<group>"; };
		190F7F55186FF1DA00D13F02 /* Toon.fsh */ = {isa = PBXFileReference; fileEncoding = 4; lastKnownFileType = sourcecode.glsl; name = Toon.fsh; path = Shaders/Toon.fsh; sourceTree = "<group>"; };
		190F7F56186FF1DA00D13F02 /* Toon.vsh */ = {isa = PBXFileReference; fileEncoding = 4; lastKnownFileType = sourcecode.glsl; name = Toon.vsh; path = Shaders/Toon.vsh; sourceTree = "<group>"; };
		190F7F59186FF39D00D13F02 /* ToonPF.fsh */ = {isa = PBXFileReference; fileEncoding = 4; lastKnownFileType = sourcecode.glsl; name = ToonPF.fsh; path = Shaders/ToonPF.fsh; sourceTree = "<group>"; };
		190F7F5A186FF39D00D13F02 /* ToonPF.vsh */ = {isa = PBXFileReference; fileEncoding = 4; lastKnownFileType = sourcecode.glsl; name = ToonPF.vsh; path = Shaders/ToonPF.vsh; sourceTree = "<group>"; };
		190F7F65186FFFF400D13F02 /* DoubleSided.fsh */ = {isa = PBXFileReference; fileEncoding = 4; lastKnownFileType = sourcecode.glsl; name = DoubleSided.fsh; path = Shaders/DoubleSided.fsh; sourceTree = "<group>"; };
		190F7F66186FFFF400D13F02 /* DoubleSided.vsh */ = {isa = PBXFileReference; fileEncoding = 4; lastKnownFileType = sourcecode.glsl; name = DoubleSided.vsh; path = Shaders/DoubleSided.vsh; sourceTree = "<group>"; };
		1937995A18696EF500DAFE17 /* Lights.app */ = {isa = PBXFileReference; explicitFileType = wrapper.application; includeInIndex = 0; path = Lights.app; sourceTree = BUILT_PRODUCTS_DIR; };
		1937995D18696EF500DAFE17 /* Foundation.framework */ = {isa = PBXFileReference; lastKnownFileType = wrapper.framework; name = Foundation.framework; path = System/Library/Frameworks/Foundation.framework; sourceTree = SDKROOT; };
		1937995F18696EF500DAFE17 /* CoreGraphics.framework */ = {isa = PBXFileReference; lastKnownFileType = wrapper.framework; name = CoreGraphics.framework; path = System/Library/Frameworks/CoreGraphics.framework; sourceTree = SDKROOT; };
		1937996118696EF500DAFE17 /* UIKit.framework */ = {isa = PBXFileReference; lastKnownFileType = wrapper.framework; name = UIKit.framework; path = System/Library/Frameworks/UIKit.framework; sourceTree = SDKROOT; };
		1937996318696EF500DAFE17 /* GLKit.framework */ = {isa = PBXFileReference; lastKnownFileType = wrapper.framework; name = GLKit.framework; path = System/Library/Frameworks/GLKit.framework; sourceTree = SDKROOT; };
		1937996518696EF500DAFE17 /* OpenGLES.framework */ = {isa = PBXFileReference; lastKnownFileType = wrapper.framework; name = OpenGLES.framework; path = System/Library/Frameworks/OpenGLES.framework; sourceTree = SDKROOT; };
		1937996918696EF500DAFE17 /* Lights-Info.plist */ = {isa = PBXFileReference; lastKnownFileType = text.plist.xml; path = "Lights-Info.plist"; sourceTree = "<group>"; };
		1937996B18696EF500DAFE17 /* en */ = {isa = PBXFileReference; lastKnownFileType = text.plist.strings; name = en; path = en.lproj/InfoPlist.strings; sourceTree = "<group>"; };
		1937996D18696EF500DAFE17 /* main.m */ = {isa = PBXFileReference; lastKnownFileType = sourcecode.c.objc; path = main.m; sourceTree = "<group>"; };
		1937996F18696EF500DAFE17 /* Lights-Prefix.pch */ = {isa = PBXFileReference; lastKnownFileType = sourcecode.c.h; path = "Lights-Prefix.pch"; sourceTree = "<group>"; };
		1937997018696EF500DAFE17 /* he_AppDelegate.h */ = {isa = PBXFileReference; lastKnownFileType = sourcecode.c.h; path = he_AppDelegate.h; sourceTree = "<group>"; };
		1937997118696EF500DAFE17 /* he_AppDelegate.m */ = {isa = PBXFileReference; lastKnownFileType = sourcecode.c.objc; path = he_AppDelegate.m; sourceTree = "<group>"; };
		1937997A18696EF500DAFE17 /* he_ViewController.h */ = {isa = PBXFileReference; lastKnownFileType = sourcecode.c.h; path = he_ViewController.h; sourceTree = "<group>"; };
		1937997B18696EF500DAFE17 /* he_ViewController.m */ = {isa = PBXFileReference; lastKnownFileType = sourcecode.c.objc; path = he_ViewController.m; sourceTree = "<group>"; };
		1937997D18696EF500DAFE17 /* Images.xcassets */ = {isa = PBXFileReference; lastKnownFileType = folder.assetcatalog; path = Images.xcassets; sourceTree = "<group>"; };
		1937998318696EF500DAFE17 /* LightsTests.xctest */ = {isa = PBXFileReference; explicitFileType = wrapper.cfbundle; includeInIndex = 0; path = LightsTests.xctest; sourceTree = BUILT_PRODUCTS_DIR; };
		1937998418696EF500DAFE17 /* XCTest.framework */ = {isa = PBXFileReference; lastKnownFileType = wrapper.framework; name = XCTest.framework; path = Library/Frameworks/XCTest.framework; sourceTree = DEVELOPER_DIR; };
		1937998C18696EF500DAFE17 /* LightsTests-Info.plist */ = {isa = PBXFileReference; lastKnownFileType = text.plist.xml; path = "LightsTests-Info.plist"; sourceTree = "<group>"; };
		1937998E18696EF500DAFE17 /* en */ = {isa = PBXFileReference; lastKnownFileType = text.plist.strings; name = en; path = en.lproj/InfoPlist.strings; sourceTree = "<group>"; };
		1937999018696EF500DAFE17 /* LightsTests.m */ = {isa = PBXFileReference; lastKnownFileType = sourcecode.c.objc; path = LightsTests.m; sourceTree = "<group>"; };
		1937999A186971F400DAFE17 /* he_Main.h */ = {isa = PBXFileReference; fileEncoding = 4; lastKnownFileType = sourcecode.c.h; path = he_Main.h; sourceTree = "<group>"; };
		1937999B186971F400DAFE17 /* he_Main.m */ = {isa = PBXFileReference; fileEncoding = 4; lastKnownFileType = sourcecode.c.objc; path = he_Main.m; sourceTree = "<group>"; };
		1937999D1869753100DAFE17 /* he_Shader.h */ = {isa = PBXFileReference; fileEncoding = 4; lastKnownFileType = sourcecode.c.h; path = he_Shader.h; sourceTree = "<group>"; };
		1937999E1869753100DAFE17 /* he_Shader.m */ = {isa = PBXFileReference; fileEncoding = 4; lastKnownFileType = sourcecode.c.objc; path = he_Shader.m; sourceTree = "<group>"; };
		193799A01869755F00DAFE17 /* he_BitFlag.h */ = {isa = PBXFileReference; lastKnownFileType = sourcecode.c.h; path = he_BitFlag.h; sourceTree = "<group>"; };
		193799A11869785B00DAFE17 /* he_File.h */ = {isa = PBXFileReference; fileEncoding = 4; lastKnownFileType = sourcecode.c.h; path = he_File.h; sourceTree = "<group>"; };
		193799A21869785B00DAFE17 /* he_File.m */ = {isa = PBXFileReference; fileEncoding = 4; lastKnownFileType = sourcecode.c.objc; path = he_File.m; sourceTree = "<group>"; };
		1955DCA6186C396A009093A0 /* he_Utility.h */ = {isa = PBXFileReference; fileEncoding = 4; lastKnownFileType = sourcecode.c.h; path = he_Utility.h; sourceTree = "<group>"; };
		1955DCA7186C396A009093A0 /* he_Utility.m */ = {isa = PBXFileReference; fileEncoding = 4; lastKnownFileType = sourcecode.c.objc; path = he_Utility.m; sourceTree = "<group>"; };
		1955DCAB186D4036009093A0 /* teapot.obj */ = {isa = PBXFileReference; fileEncoding = 4; lastKnownFileType = text; path = teapot.obj; sourceTree = "<group>"; };
		1955DCAC186D4036009093A0 /* teapot1.obj */ = {isa = PBXFileReference; fileEncoding = 4; lastKnownFileType = text; path = teapot1.obj; sourceTree = "<group>"; };
		19D1E924186EEA7B003F1566 /* DiffusePF.fsh */ = {isa = PBXFileReference; fileEncoding = 4; lastKnownFileType = sourcecode.glsl; name = DiffusePF.fsh; path = Shaders/DiffusePF.fsh; sourceTree = "<group>"; };
		19D1E925186EEA7B003F1566 /* DiffusePF.vsh */ = {isa = PBXFileReference; fileEncoding = 4; lastKnownFileType = sourcecode.glsl; name = DiffusePF.vsh; path = Shaders/DiffusePF.vsh; sourceTree = "<group>"; };
		19FE285F186ED7E6001637DC /* Diffuse.fsh */ = {isa = PBXFileReference; fileEncoding = 4; lastKnownFileType = sourcecode.glsl; name = Diffuse.fsh; path = Shaders/Diffuse.fsh; sourceTree = "<group>"; };
		19FE2860186ED7E6001637DC /* Diffuse.vsh */ = {isa = PBXFileReference; fileEncoding = 4; lastKnownFileType = sourcecode.glsl; name = Diffuse.vsh; path = Shaders/Diffuse.vsh; sourceTree = "<group>"; };
		19FE2863186EDD16001637DC /* ADS.fsh */ = {isa = PBXFileReference; fileEncoding = 4; lastKnownFileType = sourcecode.glsl; name = ADS.fsh; path = Shaders/ADS.fsh; sourceTree = "<group>"; };
		19FE2864186EDD16001637DC /* ADS.vsh */ = {isa = PBXFileReference; fileEncoding = 4; lastKnownFileType = sourcecode.glsl; name = ADS.vsh; path = Shaders/ADS.vsh; sourceTree = "<group>"; };
/* End PBXFileReference section */

/* Begin PBXFrameworksBuildPhase section */
		1937995718696EF500DAFE17 /* Frameworks */ = {
			isa = PBXFrameworksBuildPhase;
			buildActionMask = 2147483647;
			files = (
				1937996618696EF500DAFE17 /* OpenGLES.framework in Frameworks */,
				1937996018696EF500DAFE17 /* CoreGraphics.framework in Frameworks */,
				1937996218696EF500DAFE17 /* UIKit.framework in Frameworks */,
				1937996418696EF500DAFE17 /* GLKit.framework in Frameworks */,
				1937995E18696EF500DAFE17 /* Foundation.framework in Frameworks */,
			);
			runOnlyForDeploymentPostprocessing = 0;
		};
		1937998018696EF500DAFE17 /* Frameworks */ = {
			isa = PBXFrameworksBuildPhase;
			buildActionMask = 2147483647;
			files = (
				1937998518696EF500DAFE17 /* XCTest.framework in Frameworks */,
				1937998718696EF500DAFE17 /* UIKit.framework in Frameworks */,
				1937998618696EF500DAFE17 /* Foundation.framework in Frameworks */,
			);
			runOnlyForDeploymentPostprocessing = 0;
		};
/* End PBXFrameworksBuildPhase section */

/* Begin PBXGroup section */
		1937995118696EF500DAFE17 = {
			isa = PBXGroup;
			children = (
				1937996718696EF500DAFE17 /* Lights */,
				1937998A18696EF500DAFE17 /* LightsTests */,
				1937995C18696EF500DAFE17 /* Frameworks */,
				1937995B18696EF500DAFE17 /* Products */,
			);
			sourceTree = "<group>";
		};
		1937995B18696EF500DAFE17 /* Products */ = {
			isa = PBXGroup;
			children = (
				1937995A18696EF500DAFE17 /* Lights.app */,
				1937998318696EF500DAFE17 /* LightsTests.xctest */,
			);
			name = Products;
			sourceTree = "<group>";
		};
		1937995C18696EF500DAFE17 /* Frameworks */ = {
			isa = PBXGroup;
			children = (
				1937995D18696EF500DAFE17 /* Foundation.framework */,
				1937995F18696EF500DAFE17 /* CoreGraphics.framework */,
				1937996118696EF500DAFE17 /* UIKit.framework */,
				1937996318696EF500DAFE17 /* GLKit.framework */,
				1937996518696EF500DAFE17 /* OpenGLES.framework */,
				1937998418696EF500DAFE17 /* XCTest.framework */,
			);
			name = Frameworks;
			sourceTree = "<group>";
		};
		1937996718696EF500DAFE17 /* Lights */ = {
			isa = PBXGroup;
			children = (
				1955DCA0186C3039009093A0 /* models */,
				1937997018696EF500DAFE17 /* he_AppDelegate.h */,
				1937997118696EF500DAFE17 /* he_AppDelegate.m */,
				193799A41869885600DAFE17 /* Shaders */,
				1937997A18696EF500DAFE17 /* he_ViewController.h */,
				1937997B18696EF500DAFE17 /* he_ViewController.m */,
				1937999A186971F400DAFE17 /* he_Main.h */,
				1937999B186971F400DAFE17 /* he_Main.m */,
				1937999D1869753100DAFE17 /* he_Shader.h */,
				1937999E1869753100DAFE17 /* he_Shader.m */,
				193799A01869755F00DAFE17 /* he_BitFlag.h */,
				193799A11869785B00DAFE17 /* he_File.h */,
				193799A21869785B00DAFE17 /* he_File.m */,
				1955DCA6186C396A009093A0 /* he_Utility.h */,
				1955DCA7186C396A009093A0 /* he_Utility.m */,
				190786D3187072F10067A30B /* he_Availability.h */,
				1937997D18696EF500DAFE17 /* Images.xcassets */,
				1937996818696EF500DAFE17 /* Supporting Files */,
			);
			path = Lights;
			sourceTree = "<group>";
		};
		1937996818696EF500DAFE17 /* Supporting Files */ = {
			isa = PBXGroup;
			children = (
				1937996918696EF500DAFE17 /* Lights-Info.plist */,
				1937996A18696EF500DAFE17 /* InfoPlist.strings */,
				1937996D18696EF500DAFE17 /* main.m */,
				1937996F18696EF500DAFE17 /* Lights-Prefix.pch */,
			);
			name = "Supporting Files";
			sourceTree = "<group>";
		};
		1937998A18696EF500DAFE17 /* LightsTests */ = {
			isa = PBXGroup;
			children = (
				1937999018696EF500DAFE17 /* LightsTests.m */,
				1937998B18696EF500DAFE17 /* Supporting Files */,
			);
			path = LightsTests;
			sourceTree = "<group>";
		};
		1937998B18696EF500DAFE17 /* Supporting Files */ = {
			isa = PBXGroup;
			children = (
				1937998C18696EF500DAFE17 /* LightsTests-Info.plist */,
				1937998D18696EF500DAFE17 /* InfoPlist.strings */,
			);
			name = "Supporting Files";
			sourceTree = "<group>";
		};
		193799A41869885600DAFE17 /* Shaders */ = {
			isa = PBXGroup;
			children = (
				190786CF18706DE20067A30B /* Flat.fsh */,
				190786D018706DE20067A30B /* Flat.vsh */,
				190F7F65186FFFF400D13F02 /* DoubleSided.fsh */,
				190F7F66186FFFF400D13F02 /* DoubleSided.vsh */,
				190F7F59186FF39D00D13F02 /* ToonPF.fsh */,
				190F7F5A186FF39D00D13F02 /* ToonPF.vsh */,
				190F7F55186FF1DA00D13F02 /* Toon.fsh */,
				190F7F56186FF1DA00D13F02 /* Toon.vsh */,
				190F7F51186FEC8500D13F02 /* ADSPF.fsh */,
				190F7F52186FEC8500D13F02 /* ADSPF.vsh */,
				19FE2863186EDD16001637DC /* ADS.fsh */,
				19FE2864186EDD16001637DC /* ADS.vsh */,
				19FE285F186ED7E6001637DC /* Diffuse.fsh */,
				19FE2860186ED7E6001637DC /* Diffuse.vsh */,
				19D1E924186EEA7B003F1566 /* DiffusePF.fsh */,
				19D1E925186EEA7B003F1566 /* DiffusePF.vsh */,
			);
			name = Shaders;
			sourceTree = "<group>";
		};
		1955DCA0186C3039009093A0 /* models */ = {
			isa = PBXGroup;
			children = (
				1955DCAB186D4036009093A0 /* teapot.obj */,
				1955DCAC186D4036009093A0 /* teapot1.obj */,
			);
			path = models;
			sourceTree = "<group>";
		};
/* End PBXGroup section */

/* Begin PBXNativeTarget section */
		1937995918696EF500DAFE17 /* Lights */ = {
			isa = PBXNativeTarget;
			buildConfigurationList = 1937999418696EF500DAFE17 /* Build configuration list for PBXNativeTarget "Lights" */;
			buildPhases = (
				1937995618696EF500DAFE17 /* Sources */,
				1937995718696EF500DAFE17 /* Frameworks */,
				1937995818696EF500DAFE17 /* Resources */,
			);
			buildRules = (
			);
			dependencies = (
			);
			name = Lights;
			productName = Lights;
			productReference = 1937995A18696EF500DAFE17 /* Lights.app */;
			productType = "com.apple.product-type.application";
		};
		1937998218696EF500DAFE17 /* LightsTests */ = {
			isa = PBXNativeTarget;
			buildConfigurationList = 1937999718696EF500DAFE17 /* Build configuration list for PBXNativeTarget "LightsTests" */;
			buildPhases = (
				1937997F18696EF500DAFE17 /* Sources */,
				1937998018696EF500DAFE17 /* Frameworks */,
				1937998118696EF500DAFE17 /* Resources */,
			);
			buildRules = (
			);
			dependencies = (
				1937998918696EF500DAFE17 /* PBXTargetDependency */,
			);
			name = LightsTests;
			productName = LightsTests;
			productReference = 1937998318696EF500DAFE17 /* LightsTests.xctest */;
			productType = "com.apple.product-type.bundle.unit-test";
		};
/* End PBXNativeTarget section */

/* Begin PBXProject section */
		1937995218696EF500DAFE17 /* Project object */ = {
			isa = PBXProject;
			attributes = {
				CLASSPREFIX = he_;
				LastUpgradeCheck = 0500;
				ORGANIZATIONNAME = whackylabs;
				TargetAttributes = {
					1937995918696EF500DAFE17 = {
						DevelopmentTeam = B8H28JR3TT;
					};
					1937998218696EF500DAFE17 = {
						TestTargetID = 1937995918696EF500DAFE17;
					};
				};
			};
			buildConfigurationList = 1937995518696EF500DAFE17 /* Build configuration list for PBXProject "Lights" */;
			compatibilityVersion = "Xcode 3.2";
			developmentRegion = English;
			hasScannedForEncodings = 0;
			knownRegions = (
				en,
				Base,
			);
			mainGroup = 1937995118696EF500DAFE17;
			productRefGroup = 1937995B18696EF500DAFE17 /* Products */;
			projectDirPath = "";
			projectRoot = "";
			targets = (
				1937995918696EF500DAFE17 /* Lights */,
				1937998218696EF500DAFE17 /* LightsTests */,
			);
		};
/* End PBXProject section */

/* Begin PBXResourcesBuildPhase section */
		1937995818696EF500DAFE17 /* Resources */ = {
			isa = PBXResourcesBuildPhase;
			buildActionMask = 2147483647;
			files = (
				190786D118706DE20067A30B /* Flat.fsh in Resources */,
				190786D218706DE20067A30B /* Flat.vsh in Resources */,
				190F7F67186FFFF400D13F02 /* DoubleSided.fsh in Resources */,
				190F7F68186FFFF400D13F02 /* DoubleSided.vsh in Resources */,
				190F7F5C186FF39D00D13F02 /* ToonPF.vsh in Resources */,
				190F7F5B186FF39D00D13F02 /* ToonPF.fsh in Resources */,
				190F7F58186FF1DA00D13F02 /* Toon.vsh in Resources */,
				190F7F57186FF1DA00D13F02 /* Toon.fsh in Resources */,
				1955DCAE186D4036009093A0 /* teapot1.obj in Resources */,
				1937997E18696EF500DAFE17 /* Images.xcassets in Resources */,
				1955DCAD186D4036009093A0 /* teapot.obj in Resources */,
				1937996C18696EF500DAFE17 /* InfoPlist.strings in Resources */,
				19FE2862186ED7E6001637DC /* Diffuse.vsh in Resources */,
				190F7F54186FEC8500D13F02 /* ADSPF.vsh in Resources */,
				19FE2861186ED7E6001637DC /* Diffuse.fsh in Resources */,
				190F7F53186FEC8500D13F02 /* ADSPF.fsh in Resources */,
				19FE2866186EDD16001637DC /* ADS.vsh in Resources */,
				19D1E926186EEA7B003F1566 /* DiffusePF.fsh in Resources */,
				19D1E927186EEA7B003F1566 /* DiffusePF.vsh in Resources */,
				19FE2865186EDD16001637DC /* ADS.fsh in Resources */,
			);
			runOnlyForDeploymentPostprocessing = 0;
		};
		1937998118696EF500DAFE17 /* Resources */ = {
			isa = PBXResourcesBuildPhase;
			buildActionMask = 2147483647;
			files = (
				1937998F18696EF500DAFE17 /* InfoPlist.strings in Resources */,
			);
			runOnlyForDeploymentPostprocessing = 0;
		};
/* End PBXResourcesBuildPhase section */

/* Begin PBXSourcesBuildPhase section */
		1937995618696EF500DAFE17 /* Sources */ = {
			isa = PBXSourcesBuildPhase;
			buildActionMask = 2147483647;
			files = (
				1937996E18696EF500DAFE17 /* main.m in Sources */,
				1937999C186971F400DAFE17 /* he_Main.m in Sources */,
				1937997C18696EF500DAFE17 /* he_ViewController.m in Sources */,
				1937997218696EF500DAFE17 /* he_AppDelegate.m in Sources */,
				193799A31869785B00DAFE17 /* he_File.m in Sources */,
				1937999F1869753100DAFE17 /* he_Shader.m in Sources */,
				1955DCA8186C396A009093A0 /* he_Utility.m in Sources */,
			);
			runOnlyForDeploymentPostprocessing = 0;
		};
		1937997F18696EF500DAFE17 /* Sources */ = {
			isa = PBXSourcesBuildPhase;
			buildActionMask = 2147483647;
			files = (
				1937999118696EF500DAFE17 /* LightsTests.m in Sources */,
			);
			runOnlyForDeploymentPostprocessing = 0;
		};
/* End PBXSourcesBuildPhase section */

/* Begin PBXTargetDependency section */
		1937998918696EF500DAFE17 /* PBXTargetDependency */ = {
			isa = PBXTargetDependency;
			target = 1937995918696EF500DAFE17 /* Lights */;
			targetProxy = 1937998818696EF500DAFE17 /* PBXContainerItemProxy */;
		};
/* End PBXTargetDependency section */

/* Begin PBXVariantGroup section */
		1937996A18696EF500DAFE17 /* InfoPlist.strings */ = {
			isa = PBXVariantGroup;
			children = (
				1937996B18696EF500DAFE17 /* en */,
			);
			name = InfoPlist.strings;
			sourceTree = "<group>";
		};
		1937998D18696EF500DAFE17 /* InfoPlist.strings */ = {
			isa = PBXVariantGroup;
			children = (
				1937998E18696EF500DAFE17 /* en */,
			);
			name = InfoPlist.strings;
			sourceTree = "<group>";
		};
/* End PBXVariantGroup section */

/* Begin XCBuildConfiguration section */
		1937999218696EF500DAFE17 /* Debug */ = {
			isa = XCBuildConfiguration;
			buildSettings = {
				ALWAYS_SEARCH_USER_PATHS = NO;
				ARCHS = "$(ARCHS_STANDARD_INCLUDING_64_BIT)";
				CLANG_CXX_LANGUAGE_STANDARD = "gnu++0x";
				CLANG_CXX_LIBRARY = "libc++";
				CLANG_ENABLE_MODULES = YES;
				CLANG_ENABLE_OBJC_ARC = YES;
				CLANG_WARN_BOOL_CONVERSION = YES;
				CLANG_WARN_CONSTANT_CONVERSION = YES;
				CLANG_WARN_DIRECT_OBJC_ISA_USAGE = YES_ERROR;
				CLANG_WARN_EMPTY_BODY = YES;
				CLANG_WARN_ENUM_CONVERSION = YES;
				CLANG_WARN_INT_CONVERSION = YES;
				CLANG_WARN_OBJC_ROOT_CLASS = YES_ERROR;
				CLANG_WARN__DUPLICATE_METHOD_MATCH = YES;
				"CODE_SIGN_IDENTITY[sdk=iphoneos*]" = "iPhone Developer";
				COPY_PHASE_STRIP = NO;
				GCC_C_LANGUAGE_STANDARD = gnu99;
				GCC_DYNAMIC_NO_PIC = NO;
				GCC_OPTIMIZATION_LEVEL = 0;
				GCC_PREPROCESSOR_DEFINITIONS = (
					"DEBUG=1",
					"$(inherited)",
				);
				GCC_SYMBOLS_PRIVATE_EXTERN = NO;
				GCC_WARN_64_TO_32_BIT_CONVERSION = YES;
				GCC_WARN_ABOUT_RETURN_TYPE = YES_ERROR;
				GCC_WARN_UNDECLARED_SELECTOR = YES;
				GCC_WARN_UNINITIALIZED_AUTOS = YES;
				GCC_WARN_UNUSED_FUNCTION = YES;
				GCC_WARN_UNUSED_VARIABLE = YES;
				IPHONEOS_DEPLOYMENT_TARGET = 7.0;
				ONLY_ACTIVE_ARCH = YES;
				SDKROOT = iphoneos;
			};
			name = Debug;
		};
		1937999318696EF500DAFE17 /* Release */ = {
			isa = XCBuildConfiguration;
			buildSettings = {
				ALWAYS_SEARCH_USER_PATHS = NO;
				ARCHS = "$(ARCHS_STANDARD_INCLUDING_64_BIT)";
				CLANG_CXX_LANGUAGE_STANDARD = "gnu++0x";
				CLANG_CXX_LIBRARY = "libc++";
				CLANG_ENABLE_MODULES = YES;
				CLANG_ENABLE_OBJC_ARC = YES;
				CLANG_WARN_BOOL_CONVERSION = YES;
				CLANG_WARN_CONSTANT_CONVERSION = YES;
				CLANG_WARN_DIRECT_OBJC_ISA_USAGE = YES_ERROR;
				CLANG_WARN_EMPTY_BODY = YES;
				CLANG_WARN_ENUM_CONVERSION = YES;
				CLANG_WARN_INT_CONVERSION = YES;
				CLANG_WARN_OBJC_ROOT_CLASS = YES_ERROR;
				CLANG_WARN__DUPLICATE_METHOD_MATCH = YES;
				"CODE_SIGN_IDENTITY[sdk=iphoneos*]" = "iPhone Developer";
				COPY_PHASE_STRIP = YES;
				ENABLE_NS_ASSERTIONS = NO;
				GCC_C_LANGUAGE_STANDARD = gnu99;
				GCC_WARN_64_TO_32_BIT_CONVERSION = YES;
				GCC_WARN_ABOUT_RETURN_TYPE = YES_ERROR;
				GCC_WARN_UNDECLARED_SELECTOR = YES;
				GCC_WARN_UNINITIALIZED_AUTOS = YES;
				GCC_WARN_UNUSED_FUNCTION = YES;
				GCC_WARN_UNUSED_VARIABLE = YES;
				IPHONEOS_DEPLOYMENT_TARGET = 7.0;
				SDKROOT = iphoneos;
				VALIDATE_PRODUCT = YES;
			};
			name = Release;
		};
		1937999518696EF500DAFE17 /* Debug */ = {
			isa = XCBuildConfiguration;
			buildSettings = {
				ARCHS = "$(ARCHS_STANDARD)";
				ASSETCATALOG_COMPILER_APPICON_NAME = AppIcon;
				ASSETCATALOG_COMPILER_LAUNCHIMAGE_NAME = LaunchImage;
				CODE_SIGN_IDENTITY = "iPhone Developer";
				GCC_PRECOMPILE_PREFIX_HEADER = YES;
				GCC_PREFIX_HEADER = "Lights/Lights-Prefix.pch";
				INFOPLIST_FILE = "Lights/Lights-Info.plist";
				IPHONEOS_DEPLOYMENT_TARGET = 4.3;
				PRODUCT_NAME = "$(TARGET_NAME)";
				WRAPPER_EXTENSION = app;
			};
			name = Debug;
		};
		1937999618696EF500DAFE17 /* Release */ = {
			isa = XCBuildConfiguration;
			buildSettings = {
				ARCHS = "$(ARCHS_STANDARD)";
				ASSETCATALOG_COMPILER_APPICON_NAME = AppIcon;
				ASSETCATALOG_COMPILER_LAUNCHIMAGE_NAME = LaunchImage;
				CODE_SIGN_IDENTITY = "iPhone Developer";
				GCC_PRECOMPILE_PREFIX_HEADER = YES;
				GCC_PREFIX_HEADER = "Lights/Lights-Prefix.pch";
				INFOPLIST_FILE = "Lights/Lights-Info.plist";
				IPHONEOS_DEPLOYMENT_TARGET = 4.3;
				PRODUCT_NAME = "$(TARGET_NAME)";
				WRAPPER_EXTENSION = app;
			};
			name = Release;
		};
		1937999818696EF500DAFE17 /* Debug */ = {
			isa = XCBuildConfiguration;
			buildSettings = {
				ARCHS = "$(ARCHS_STANDARD_INCLUDING_64_BIT)";
				BUNDLE_LOADER = "$(BUILT_PRODUCTS_DIR)/Lights.app/Lights";
				FRAMEWORK_SEARCH_PATHS = (
					"$(SDKROOT)/Developer/Library/Frameworks",
					"$(inherited)",
					"$(DEVELOPER_FRAMEWORKS_DIR)",
				);
				GCC_PRECOMPILE_PREFIX_HEADER = YES;
				GCC_PREFIX_HEADER = "Lights/Lights-Prefix.pch";
				GCC_PREPROCESSOR_DEFINITIONS = (
					"DEBUG=1",
					"$(inherited)",
				);
				INFOPLIST_FILE = "LightsTests/LightsTests-Info.plist";
				PRODUCT_NAME = "$(TARGET_NAME)";
				TEST_HOST = "$(BUNDLE_LOADER)";
				WRAPPER_EXTENSION = xctest;
			};
			name = Debug;
		};
		1937999918696EF500DAFE17 /* Release */ = {
			isa = XCBuildConfiguration;
			buildSettings = {
				ARCHS = "$(ARCHS_STANDARD_INCLUDING_64_BIT)";
				BUNDLE_LOADER = "$(BUILT_PRODUCTS_DIR)/Lights.app/Lights";
				FRAMEWORK_SEARCH_PATHS = (
					"$(SDKROOT)/Developer/Library/Frameworks",
					"$(inherited)",
					"$(DEVELOPER_FRAMEWORKS_DIR)",
				);
				GCC_PRECOMPILE_PREFIX_HEADER = YES;
				GCC_PREFIX_HEADER = "Lights/Lights-Prefix.pch";
				INFOPLIST_FILE = "LightsTests/LightsTests-Info.plist";
				PRODUCT_NAME = "$(TARGET_NAME)";
				TEST_HOST = "$(BUNDLE_LOADER)";
				WRAPPER_EXTENSION = xctest;
			};
			name = Release;
		};
/* End XCBuildConfiguration section */

/* Begin XCConfigurationList section */
		1937995518696EF500DAFE17 /* Build configuration list for PBXProject "Lights" */ = {
			isa = XCConfigurationList;
			buildConfigurations = (
				1937999218696EF500DAFE17 /* Debug */,
				1937999318696EF500DAFE17 /* Release */,
			);
			defaultConfigurationIsVisible = 0;
			defaultConfigurationName = Release;
		};
		1937999418696EF500DAFE17 /* Build configuration list for PBXNativeTarget "Lights" */ = {
			isa = XCConfigurationList;
			buildConfigurations = (
				1937999518696EF500DAFE17 /* Debug */,
				1937999618696EF500DAFE17 /* Release */,
			);
			defaultConfigurationIsVisible = 0;
			defaultConfigurationName = Release;
		};
		1937999718696EF500DAFE17 /* Build configuration list for PBXNativeTarget "LightsTests" */ = {
			isa = XCConfigurationList;
			buildConfigurations = (
				1937999818696EF500DAFE17 /* Debug */,
				1937999918696EF500DAFE17 /* Release */,
			);
			defaultConfigurationIsVisible = 0;
			defaultConfigurationName = Release;
		};
/* End XCConfigurationList section */
	};
	rootObject = 1937995218696EF500DAFE17 /* Project object */;
}
