// !$*UTF8*$!
{
	archiveVersion = 1;
	classes = {
	};
	objectVersion = 46;
	objects = {

/* Begin PBXBuildFile section */
		193BF60B17D136CC00F43AE6 /* UIKit.framework in Frameworks */ = {isa = PBXBuildFile; fileRef = 193BF60A17D136CC00F43AE6 /* UIKit.framework */; };
		193BF60D17D136CC00F43AE6 /* Foundation.framework in Frameworks */ = {isa = PBXBuildFile; fileRef = 193BF60C17D136CC00F43AE6 /* Foundation.framework */; };
		193BF60F17D136CC00F43AE6 /* CoreGraphics.framework in Frameworks */ = {isa = PBXBuildFile; fileRef = 193BF60E17D136CC00F43AE6 /* CoreGraphics.framework */; };
		193BF61117D136CC00F43AE6 /* GLKit.framework in Frameworks */ = {isa = PBXBuildFile; fileRef = 193BF61017D136CC00F43AE6 /* GLKit.framework */; };
		193BF61317D136CC00F43AE6 /* OpenGLES.framework in Frameworks */ = {isa = PBXBuildFile; fileRef = 193BF61217D136CC00F43AE6 /* OpenGLES.framework */; };
		193BF61917D136CC00F43AE6 /* InfoPlist.strings in Resources */ = {isa = PBXBuildFile; fileRef = 193BF61717D136CC00F43AE6 /* InfoPlist.strings */; };
		193BF61B17D136CC00F43AE6 /* main.m in Sources */ = {isa = PBXBuildFile; fileRef = 193BF61A17D136CC00F43AE6 /* main.m */; };
		193BF61F17D136CC00F43AE6 /* AppDelegate.m in Sources */ = {isa = PBXBuildFile; fileRef = 193BF61E17D136CC00F43AE6 /* AppDelegate.m */; };
		193BF62117D136CC00F43AE6 /* Default.png in Resources */ = {isa = PBXBuildFile; fileRef = 193BF62017D136CC00F43AE6 /* Default.png */; };
		193BF62317D136CC00F43AE6 /* Default@2x.png in Resources */ = {isa = PBXBuildFile; fileRef = 193BF62217D136CC00F43AE6 /* Default@2x.png */; };
		193BF62517D136CC00F43AE6 /* Default-568h@2x.png in Resources */ = {isa = PBXBuildFile; fileRef = 193BF62417D136CC00F43AE6 /* Default-568h@2x.png */; };
		193BF62717D136CC00F43AE6 /* Shader.fsh in Resources */ = {isa = PBXBuildFile; fileRef = 193BF62617D136CC00F43AE6 /* Shader.fsh */; };
		193BF62917D136CC00F43AE6 /* Shader.vsh in Resources */ = {isa = PBXBuildFile; fileRef = 193BF62817D136CC00F43AE6 /* Shader.vsh */; };
		193BF62C17D136CC00F43AE6 /* ViewController.m in Sources */ = {isa = PBXBuildFile; fileRef = 193BF62B17D136CC00F43AE6 /* ViewController.m */; };
		193BF62F17D136CC00F43AE6 /* ViewController.xib in Resources */ = {isa = PBXBuildFile; fileRef = 193BF62D17D136CC00F43AE6 /* ViewController.xib */; };
/* End PBXBuildFile section */

/* Begin PBXFileReference section */
		193BF60717D136CC00F43AE6 /* Camera.app */ = {isa = PBXFileReference; explicitFileType = wrapper.application; includeInIndex = 0; path = Camera.app; sourceTree = BUILT_PRODUCTS_DIR; };
		193BF60A17D136CC00F43AE6 /* UIKit.framework */ = {isa = PBXFileReference; lastKnownFileType = wrapper.framework; name = UIKit.framework; path = System/Library/Frameworks/UIKit.framework; sourceTree = SDKROOT; };
		193BF60C17D136CC00F43AE6 /* Foundation.framework */ = {isa = PBXFileReference; lastKnownFileType = wrapper.framework; name = Foundation.framework; path = System/Library/Frameworks/Foundation.framework; sourceTree = SDKROOT; };
		193BF60E17D136CC00F43AE6 /* CoreGraphics.framework */ = {isa = PBXFileReference; lastKnownFileType = wrapper.framework; name = CoreGraphics.framework; path = System/Library/Frameworks/CoreGraphics.framework; sourceTree = SDKROOT; };
		193BF61017D136CC00F43AE6 /* GLKit.framework */ = {isa = PBXFileReference; lastKnownFileType = wrapper.framework; name = GLKit.framework; path = System/Library/Frameworks/GLKit.framework; sourceTree = SDKROOT; };
		193BF61217D136CC00F43AE6 /* OpenGLES.framework */ = {isa = PBXFileReference; lastKnownFileType = wrapper.framework; name = OpenGLES.framework; path = System/Library/Frameworks/OpenGLES.framework; sourceTree = SDKROOT; };
		193BF61617D136CC00F43AE6 /* Camera-Info.plist */ = {isa = PBXFileReference; lastKnownFileType = text.plist.xml; path = "Camera-Info.plist"; sourceTree = "<group>"; };
		193BF61817D136CC00F43AE6 /* en */ = {isa = PBXFileReference; lastKnownFileType = text.plist.strings; name = en; path = en.lproj/InfoPlist.strings; sourceTree = "<group>"; };
		193BF61A17D136CC00F43AE6 /* main.m */ = {isa = PBXFileReference; lastKnownFileType = sourcecode.c.objc; path = main.m; sourceTree = "<group>"; };
		193BF61C17D136CC00F43AE6 /* Camera-Prefix.pch */ = {isa = PBXFileReference; lastKnownFileType = sourcecode.c.h; path = "Camera-Prefix.pch"; sourceTree = "<group>"; };
		193BF61D17D136CC00F43AE6 /* AppDelegate.h */ = {isa = PBXFileReference; lastKnownFileType = sourcecode.c.h; path = AppDelegate.h; sourceTree = "<group>"; };
		193BF61E17D136CC00F43AE6 /* AppDelegate.m */ = {isa = PBXFileReference; lastKnownFileType = sourcecode.c.objc; path = AppDelegate.m; sourceTree = "<group>"; };
		193BF62017D136CC00F43AE6 /* Default.png */ = {isa = PBXFileReference; lastKnownFileType = image.png; path = Default.png; sourceTree = "<group>"; };
		193BF62217D136CC00F43AE6 /* Default@2x.png */ = {isa = PBXFileReference; lastKnownFileType = image.png; path = "Default@2x.png"; sourceTree = "<group>"; };
		193BF62417D136CC00F43AE6 /* Default-568h@2x.png */ = {isa = PBXFileReference; lastKnownFileType = image.png; path = "Default-568h@2x.png"; sourceTree = "<group>"; };
		193BF62617D136CC00F43AE6 /* Shader.fsh */ = {isa = PBXFileReference; lastKnownFileType = sourcecode.glsl; name = Shader.fsh; path = Shaders/Shader.fsh; sourceTree = "<group>"; };
		193BF62817D136CC00F43AE6 /* Shader.vsh */ = {isa = PBXFileReference; lastKnownFileType = sourcecode.glsl; name = Shader.vsh; path = Shaders/Shader.vsh; sourceTree = "<group>"; };
		193BF62A17D136CC00F43AE6 /* ViewController.h */ = {isa = PBXFileReference; lastKnownFileType = sourcecode.c.h; path = ViewController.h; sourceTree = "<group>"; };
		193BF62B17D136CC00F43AE6 /* ViewController.m */ = {isa = PBXFileReference; lastKnownFileType = sourcecode.c.objc; path = ViewController.m; sourceTree = "<group>"; };
		193BF62E17D136CC00F43AE6 /* en */ = {isa = PBXFileReference; lastKnownFileType = file.xib; name = en; path = en.lproj/ViewController.xib; sourceTree = "<group>"; };
/* End PBXFileReference section */

/* Begin PBXFrameworksBuildPhase section */
		193BF60417D136CC00F43AE6 /* Frameworks */ = {
			isa = PBXFrameworksBuildPhase;
			buildActionMask = 2147483647;
			files = (
				193BF60B17D136CC00F43AE6 /* UIKit.framework in Frameworks */,
				193BF60D17D136CC00F43AE6 /* Foundation.framework in Frameworks */,
				193BF60F17D136CC00F43AE6 /* CoreGraphics.framework in Frameworks */,
				193BF61117D136CC00F43AE6 /* GLKit.framework in Frameworks */,
				193BF61317D136CC00F43AE6 /* OpenGLES.framework in Frameworks */,
			);
			runOnlyForDeploymentPostprocessing = 0;
		};
/* End PBXFrameworksBuildPhase section */

/* Begin PBXGroup section */
		193BF5FE17D136CC00F43AE6 = {
			isa = PBXGroup;
			children = (
				193BF61417D136CC00F43AE6 /* Camera */,
				193BF60917D136CC00F43AE6 /* Frameworks */,
				193BF60817D136CC00F43AE6 /* Products */,
			);
			sourceTree = "<group>";
		};
		193BF60817D136CC00F43AE6 /* Products */ = {
			isa = PBXGroup;
			children = (
				193BF60717D136CC00F43AE6 /* Camera.app */,
			);
			name = Products;
			sourceTree = "<group>";
		};
		193BF60917D136CC00F43AE6 /* Frameworks */ = {
			isa = PBXGroup;
			children = (
				193BF60A17D136CC00F43AE6 /* UIKit.framework */,
				193BF60C17D136CC00F43AE6 /* Foundation.framework */,
				193BF60E17D136CC00F43AE6 /* CoreGraphics.framework */,
				193BF61017D136CC00F43AE6 /* GLKit.framework */,
				193BF61217D136CC00F43AE6 /* OpenGLES.framework */,
			);
			name = Frameworks;
			sourceTree = "<group>";
		};
		193BF61417D136CC00F43AE6 /* Camera */ = {
			isa = PBXGroup;
			children = (
				193BF61D17D136CC00F43AE6 /* AppDelegate.h */,
				193BF61E17D136CC00F43AE6 /* AppDelegate.m */,
				193BF62617D136CC00F43AE6 /* Shader.fsh */,
				193BF62817D136CC00F43AE6 /* Shader.vsh */,
				193BF62A17D136CC00F43AE6 /* ViewController.h */,
				193BF62B17D136CC00F43AE6 /* ViewController.m */,
				193BF62D17D136CC00F43AE6 /* ViewController.xib */,
				193BF61517D136CC00F43AE6 /* Supporting Files */,
			);
			path = Camera;
			sourceTree = "<group>";
		};
		193BF61517D136CC00F43AE6 /* Supporting Files */ = {
			isa = PBXGroup;
			children = (
				193BF61617D136CC00F43AE6 /* Camera-Info.plist */,
				193BF61717D136CC00F43AE6 /* InfoPlist.strings */,
				193BF61A17D136CC00F43AE6 /* main.m */,
				193BF61C17D136CC00F43AE6 /* Camera-Prefix.pch */,
				193BF62017D136CC00F43AE6 /* Default.png */,
				193BF62217D136CC00F43AE6 /* Default@2x.png */,
				193BF62417D136CC00F43AE6 /* Default-568h@2x.png */,
			);
			name = "Supporting Files";
			sourceTree = "<group>";
		};
/* End PBXGroup section */

/* Begin PBXNativeTarget section */
		193BF60617D136CC00F43AE6 /* Camera */ = {
			isa = PBXNativeTarget;
			buildConfigurationList = 193BF63217D136CC00F43AE6 /* Build configuration list for PBXNativeTarget "Camera" */;
			buildPhases = (
				193BF60317D136CC00F43AE6 /* Sources */,
				193BF60417D136CC00F43AE6 /* Frameworks */,
				193BF60517D136CC00F43AE6 /* Resources */,
			);
			buildRules = (
			);
			dependencies = (
			);
			name = Camera;
			productName = Camera;
			productReference = 193BF60717D136CC00F43AE6 /* Camera.app */;
			productType = "com.apple.product-type.application";
		};
/* End PBXNativeTarget section */

/* Begin PBXProject section */
		193BF5FF17D136CC00F43AE6 /* Project object */ = {
			isa = PBXProject;
			attributes = {
				LastUpgradeCheck = 0460;
				ORGANIZATIONNAME = whackylabs;
			};
			buildConfigurationList = 193BF60217D136CC00F43AE6 /* Build configuration list for PBXProject "Camera" */;
			compatibilityVersion = "Xcode 3.2";
			developmentRegion = English;
			hasScannedForEncodings = 0;
			knownRegions = (
				en,
			);
			mainGroup = 193BF5FE17D136CC00F43AE6;
			productRefGroup = 193BF60817D136CC00F43AE6 /* Products */;
			projectDirPath = "";
			projectRoot = "";
			targets = (
				193BF60617D136CC00F43AE6 /* Camera */,
			);
		};
/* End PBXProject section */

/* Begin PBXResourcesBuildPhase section */
		193BF60517D136CC00F43AE6 /* Resources */ = {
			isa = PBXResourcesBuildPhase;
			buildActionMask = 2147483647;
			files = (
				193BF61917D136CC00F43AE6 /* InfoPlist.strings in Resources */,
				193BF62117D136CC00F43AE6 /* Default.png in Resources */,
				193BF62317D136CC00F43AE6 /* Default@2x.png in Resources */,
				193BF62517D136CC00F43AE6 /* Default-568h@2x.png in Resources */,
				193BF62717D136CC00F43AE6 /* Shader.fsh in Resources */,
				193BF62917D136CC00F43AE6 /* Shader.vsh in Resources */,
				193BF62F17D136CC00F43AE6 /* ViewController.xib in Resources */,
			);
			runOnlyForDeploymentPostprocessing = 0;
		};
/* End PBXResourcesBuildPhase section */

/* Begin PBXSourcesBuildPhase section */
		193BF60317D136CC00F43AE6 /* Sources */ = {
			isa = PBXSourcesBuildPhase;
			buildActionMask = 2147483647;
			files = (
				193BF61B17D136CC00F43AE6 /* main.m in Sources */,
				193BF61F17D136CC00F43AE6 /* AppDelegate.m in Sources */,
				193BF62C17D136CC00F43AE6 /* ViewController.m in Sources */,
			);
			runOnlyForDeploymentPostprocessing = 0;
		};
/* End PBXSourcesBuildPhase section */

/* Begin PBXVariantGroup section */
		193BF61717D136CC00F43AE6 /* InfoPlist.strings */ = {
			isa = PBXVariantGroup;
			children = (
				193BF61817D136CC00F43AE6 /* en */,
			);
			name = InfoPlist.strings;
			sourceTree = "<group>";
		};
		193BF62D17D136CC00F43AE6 /* ViewController.xib */ = {
			isa = PBXVariantGroup;
			children = (
				193BF62E17D136CC00F43AE6 /* en */,
			);
			name = ViewController.xib;
			sourceTree = "<group>";
		};
/* End PBXVariantGroup section */

/* Begin XCBuildConfiguration section */
		193BF63017D136CC00F43AE6 /* Debug */ = {
			isa = XCBuildConfiguration;
			buildSettings = {
				ALWAYS_SEARCH_USER_PATHS = NO;
				CLANG_CXX_LANGUAGE_STANDARD = "gnu++0x";
				CLANG_CXX_LIBRARY = "libc++";
				CLANG_WARN_CONSTANT_CONVERSION = YES;
				CLANG_WARN_EMPTY_BODY = YES;
				CLANG_WARN_ENUM_CONVERSION = YES;
				CLANG_WARN_INT_CONVERSION = YES;
				CLANG_WARN__DUPLICATE_METHOD_MATCH = YES;
				"CODE_SIGN_IDENTITY[sdk=iphoneos*]" = "iPhone Developer";
				COPY_PHASE_STRIP = NO;
				GCC_C_LANGUAGE_STANDARD = gnu99;
				GCC_DYNAMIC_NO_PIC = NO;
				GCC_OPTIMIZATION_LEVEL = 0;
				GCC_PREPROCESSOR_DEFINITIONS = (
					"DEBUG=1",
					"$(inherited)",
				);
				GCC_SYMBOLS_PRIVATE_EXTERN = NO;
				GCC_WARN_ABOUT_RETURN_TYPE = YES;
				GCC_WARN_UNINITIALIZED_AUTOS = YES;
				GCC_WARN_UNUSED_VARIABLE = YES;
				IPHONEOS_DEPLOYMENT_TARGET = 6.1;
				ONLY_ACTIVE_ARCH = YES;
				SDKROOT = iphoneos;
			};
			name = Debug;
		};
		193BF63117D136CC00F43AE6 /* Release */ = {
			isa = XCBuildConfiguration;
			buildSettings = {
				ALWAYS_SEARCH_USER_PATHS = NO;
				CLANG_CXX_LANGUAGE_STANDARD = "gnu++0x";
				CLANG_CXX_LIBRARY = "libc++";
				CLANG_WARN_CONSTANT_CONVERSION = YES;
				CLANG_WARN_EMPTY_BODY = YES;
				CLANG_WARN_ENUM_CONVERSION = YES;
				CLANG_WARN_INT_CONVERSION = YES;
				CLANG_WARN__DUPLICATE_METHOD_MATCH = YES;
				"CODE_SIGN_IDENTITY[sdk=iphoneos*]" = "iPhone Developer";
				COPY_PHASE_STRIP = YES;
				GCC_C_LANGUAGE_STANDARD = gnu99;
				GCC_WARN_ABOUT_RETURN_TYPE = YES;
				GCC_WARN_UNINITIALIZED_AUTOS = YES;
				GCC_WARN_UNUSED_VARIABLE = YES;
				IPHONEOS_DEPLOYMENT_TARGET = 6.1;
				OTHER_CFLAGS = "-DNS_BLOCK_ASSERTIONS=1";
				SDKROOT = iphoneos;
				VALIDATE_PRODUCT = YES;
			};
			name = Release;
		};
		193BF63317D136CC00F43AE6 /* Debug */ = {
			isa = XCBuildConfiguration;
			buildSettings = {
				GCC_PRECOMPILE_PREFIX_HEADER = YES;
				GCC_PREFIX_HEADER = "Camera/Camera-Prefix.pch";
				INFOPLIST_FILE = "Camera/Camera-Info.plist";
				PRODUCT_NAME = "$(TARGET_NAME)";
				WRAPPER_EXTENSION = app;
			};
			name = Debug;
		};
		193BF63417D136CC00F43AE6 /* Release */ = {
			isa = XCBuildConfiguration;
			buildSettings = {
				GCC_PRECOMPILE_PREFIX_HEADER = YES;
				GCC_PREFIX_HEADER = "Camera/Camera-Prefix.pch";
				INFOPLIST_FILE = "Camera/Camera-Info.plist";
				PRODUCT_NAME = "$(TARGET_NAME)";
				WRAPPER_EXTENSION = app;
			};
			name = Release;
		};
/* End XCBuildConfiguration section */

/* Begin XCConfigurationList section */
		193BF60217D136CC00F43AE6 /* Build configuration list for PBXProject "Camera" */ = {
			isa = XCConfigurationList;
			buildConfigurations = (
				193BF63017D136CC00F43AE6 /* Debug */,
				193BF63117D136CC00F43AE6 /* Release */,
			);
			defaultConfigurationIsVisible = 0;
			defaultConfigurationName = Release;
		};
		193BF63217D136CC00F43AE6 /* Build configuration list for PBXNativeTarget "Camera" */ = {
			isa = XCConfigurationList;
			buildConfigurations = (
				193BF63317D136CC00F43AE6 /* Debug */,
				193BF63417D136CC00F43AE6 /* Release */,
			);
			defaultConfigurationIsVisible = 0;
		};
/* End XCConfigurationList section */
	};
	rootObject = 193BF5FF17D136CC00F43AE6 /* Project object */;
}
